
Microsoft Visual Studio Solution File, Format Version 12.00
# Visual Studio Version 17
VisualStudioVersion = 17.3.32825.248
MinimumVisualStudioVersion = 10.0.40219.1
Project("{9A19103F-16F7-4668-BE54-9A1E7A4F7556}") = "AccountsMicroservice", "AccountsMicroservice\AccountsMicroservice.csproj", "{9CF447C4-C794-480E-8E5A-89B154DBB38B}"
EndProject
Project("{9A19103F-16F7-4668-BE54-9A1E7A4F7556}") = "CSARNCore", "CSARNCore\CSARNCore.csproj", "{2AE13D25-41EA-46A2-BED7-B75D63FFD7B4}"
EndProject
Project("{9A19103F-16F7-4668-BE54-9A1E7A4F7556}") = "MessagingMicroservice", "MessagingMicroservice\MessagingMicroservice.csproj", "{5332B55E-BA9F-445E-891E-5154AF3736C8}"
EndProject
Project("{00D1A9C2-B5F0-4AF3-8072-F6C62B433612}") = "MessagingDatabase", "MessagingDatabase\MessagingDatabase.sqlproj", "{DFB71558-B2A0-432C-9A5B-CA93D86201C5}"
EndProject
Global
	GlobalSection(SolutionConfigurationPlatforms) = preSolution
		Debug|Any CPU = Debug|Any CPU
		Release|Any CPU = Release|Any CPU
	EndGlobalSection
	GlobalSection(ProjectConfigurationPlatforms) = postSolution
		{9CF447C4-C794-480E-8E5A-89B154DBB38B}.Debug|Any CPU.ActiveCfg = Debug|Any CPU
		{9CF447C4-C794-480E-8E5A-89B154DBB38B}.Debug|Any CPU.Build.0 = Debug|Any CPU
		{9CF447C4-C794-480E-8E5A-89B154DBB38B}.Release|Any CPU.ActiveCfg = Release|Any CPU
		{9CF447C4-C794-480E-8E5A-89B154DBB38B}.Release|Any CPU.Build.0 = Release|Any CPU
		{2AE13D25-41EA-46A2-BED7-B75D63FFD7B4}.Debug|Any CPU.ActiveCfg = Debug|Any CPU
		{2AE13D25-41EA-46A2-BED7-B75D63FFD7B4}.Debug|Any CPU.Build.0 = Debug|Any CPU
		{2AE13D25-41EA-46A2-BED7-B75D63FFD7B4}.Release|Any CPU.ActiveCfg = Release|Any CPU
		{2AE13D25-41EA-46A2-BED7-B75D63FFD7B4}.Release|Any CPU.Build.0 = Release|Any CPU
		{5332B55E-BA9F-445E-891E-5154AF3736C8}.Debug|Any CPU.ActiveCfg = Debug|Any CPU
		{5332B55E-BA9F-445E-891E-5154AF3736C8}.Debug|Any CPU.Build.0 = Debug|Any CPU
		{5332B55E-BA9F-445E-891E-5154AF3736C8}.Release|Any CPU.ActiveCfg = Release|Any CPU
		{5332B55E-BA9F-445E-891E-5154AF3736C8}.Release|Any CPU.Build.0 = Release|Any CPU
		{DFB71558-B2A0-432C-9A5B-CA93D86201C5}.Debug|Any CPU.ActiveCfg = Debug|Any CPU
		{DFB71558-B2A0-432C-9A5B-CA93D86201C5}.Debug|Any CPU.Build.0 = Debug|Any CPU
		{DFB71558-B2A0-432C-9A5B-CA93D86201C5}.Debug|Any CPU.Deploy.0 = Debug|Any CPU
		{DFB71558-B2A0-432C-9A5B-CA93D86201C5}.Release|Any CPU.ActiveCfg = Release|Any CPU
		{DFB71558-B2A0-432C-9A5B-CA93D86201C5}.Release|Any CPU.Build.0 = Release|Any CPU
		{DFB71558-B2A0-432C-9A5B-CA93D86201C5}.Release|Any CPU.Deploy.0 = Release|Any CPU
	EndGlobalSection
	GlobalSection(SolutionProperties) = preSolution
		HideSolutionNode = FALSE
	EndGlobalSection
	GlobalSection(ExtensibilityGlobals) = postSolution
		SolutionGuid = {874F57B3-A4A3-438C-88F2-BA3632E44576}
	EndGlobalSection
EndGlobal
